// !$*UTF8*$!
{
	archiveVersion = 1;
	classes = {
	};
	objectVersion = 50;
	objects = {

/* Begin PBXBuildFile section */
		7F53D3E420ACFE9700C22427 /* AppDelegate.swift in Sources */ = {isa = PBXBuildFile; fileRef = 7F53D3E320ACFE9700C22427 /* AppDelegate.swift */; };
		7F53D3E620ACFE9800C22427 /* Assets.xcassets in Resources */ = {isa = PBXBuildFile; fileRef = 7F53D3E520ACFE9800C22427 /* Assets.xcassets */; };
		7F53D3F420AD00CA00C22427 /* MainWindow.swift in Sources */ = {isa = PBXBuildFile; fileRef = 7F53D3F320AD00CA00C22427 /* MainWindow.swift */; };
		7FB255AF2266476B00373F34 /* main.swift in Sources */ = {isa = PBXBuildFile; fileRef = 7FB255AE2266476B00373F34 /* main.swift */; };
		7FB255B1226649FC00373F34 /* MainWindow.xib in Resources */ = {isa = PBXBuildFile; fileRef = 7FB255B0226649FC00373F34 /* MainWindow.xib */; };
		7FB255B62266537100373F34 /* AudioPlayer.swift in Sources */ = {isa = PBXBuildFile; fileRef = 7FB255B52266537100373F34 /* AudioPlayer.swift */; };
		7FED34B326389576008AD1D5 /* BattleBreak.wav in Resources */ = {isa = PBXBuildFile; fileRef = 7FED34B226389576008AD1D5 /* BattleBreak.wav */; };
/* End PBXBuildFile section */

/* Begin PBXFileReference section */
		7F53D3E020ACFE9700C22427 /* PitchFaderPlayer.app */ = {isa = PBXFileReference; explicitFileType = wrapper.application; includeInIndex = 0; path = PitchFaderPlayer.app; sourceTree = BUILT_PRODUCTS_DIR; };
		7F53D3E320ACFE9700C22427 /* AppDelegate.swift */ = {isa = PBXFileReference; lastKnownFileType = sourcecode.swift; path = AppDelegate.swift; sourceTree = "<group>"; };
		7F53D3E520ACFE9800C22427 /* Assets.xcassets */ = {isa = PBXFileReference; lastKnownFileType = folder.assetcatalog; path = Assets.xcassets; sourceTree = "<group>"; };
		7F53D3EA20ACFE9800C22427 /* Info.plist */ = {isa = PBXFileReference; lastKnownFileType = text.plist.xml; path = Info.plist; sourceTree = "<group>"; };
		7F53D3F320AD00CA00C22427 /* MainWindow.swift */ = {isa = PBXFileReference; lastKnownFileType = sourcecode.swift; path = MainWindow.swift; sourceTree = "<group>"; };
		7FB255AE2266476B00373F34 /* main.swift */ = {isa = PBXFileReference; lastKnownFileType = sourcecode.swift; path = main.swift; sourceTree = "<group>"; };
		7FB255B0226649FC00373F34 /* MainWindow.xib */ = {isa = PBXFileReference; lastKnownFileType = file.xib; path = MainWindow.xib; sourceTree = "<group>"; };
		7FB255B52266537100373F34 /* AudioPlayer.swift */ = {isa = PBXFileReference; lastKnownFileType = sourcecode.swift; path = AudioPlayer.swift; sourceTree = "<group>"; };
		7FED34A626389087008AD1D5 /* PitchFaderPlayer.entitlements */ = {isa = PBXFileReference; lastKnownFileType = text.plist.entitlements; path = PitchFaderPlayer.entitlements; sourceTree = "<group>"; };
		7FED34B226389576008AD1D5 /* BattleBreak.wav */ = {isa = PBXFileReference; lastKnownFileType = audio.wav; path = BattleBreak.wav; sourceTree = "<group>"; };
/* End PBXFileReference section */

/* Begin PBXFrameworksBuildPhase section */
		7F53D3DD20ACFE9700C22427 /* Frameworks */ = {
			isa = PBXFrameworksBuildPhase;
			buildActionMask = 2147483647;
			files = (
			);
			runOnlyForDeploymentPostprocessing = 0;
		};
/* End PBXFrameworksBuildPhase section */

/* Begin PBXGroup section */
		7F53D3D720ACFE9700C22427 = {
			isa = PBXGroup;
			children = (
				7F53D3E220ACFE9700C22427 /* PitchFaderPlayer */,
				7F53D3E120ACFE9700C22427 /* Products */,
			);
			sourceTree = "<group>";
		};
		7F53D3E120ACFE9700C22427 /* Products */ = {
			isa = PBXGroup;
			children = (
				7F53D3E020ACFE9700C22427 /* PitchFaderPlayer.app */,
			);
			name = Products;
			sourceTree = "<group>";
		};
		7F53D3E220ACFE9700C22427 /* PitchFaderPlayer */ = {
			isa = PBXGroup;
			children = (
				7FED34A626389087008AD1D5 /* PitchFaderPlayer.entitlements */,
				7FB255B52266537100373F34 /* AudioPlayer.swift */,
				7F53D3F320AD00CA00C22427 /* MainWindow.swift */,
				7FB255B42266507A00373F34 /* xib */,
				7F53D3E520ACFE9800C22427 /* Assets.xcassets */,
				7FED34B226389576008AD1D5 /* BattleBreak.wav */,
				7F53D3E320ACFE9700C22427 /* AppDelegate.swift */,
				7FB255AE2266476B00373F34 /* main.swift */,
				7F53D3EA20ACFE9800C22427 /* Info.plist */,
			);
			path = PitchFaderPlayer;
			sourceTree = "<group>";
		};
		7FB255B42266507A00373F34 /* xib */ = {
			isa = PBXGroup;
			children = (
				7FB255B0226649FC00373F34 /* MainWindow.xib */,
			);
			path = xib;
			sourceTree = "<group>";
		};
/* End PBXGroup section */

/* Begin PBXNativeTarget section */
		7F53D3DF20ACFE9700C22427 /* PitchFaderPlayer */ = {
			isa = PBXNativeTarget;
			buildConfigurationList = 7F53D3EE20ACFE9800C22427 /* Build configuration list for PBXNativeTarget "PitchFaderPlayer" */;
			buildPhases = (
				7F53D3DC20ACFE9700C22427 /* Sources */,
				7F53D3DD20ACFE9700C22427 /* Frameworks */,
				7F53D3DE20ACFE9700C22427 /* Resources */,
			);
			buildRules = (
			);
			dependencies = (
			);
			name = PitchFaderPlayer;
			productName = Pitch;
			productReference = 7F53D3E020ACFE9700C22427 /* PitchFaderPlayer.app */;
			productType = "com.apple.product-type.application";
		};
/* End PBXNativeTarget section */

/* Begin PBXProject section */
		7F53D3D820ACFE9700C22427 /* Project object */ = {
			isa = PBXProject;
			attributes = {
				LastSwiftUpdateCheck = 0930;
				LastUpgradeCheck = 0930;
				ORGANIZATIONNAME = Keeper;
				TargetAttributes = {
					7F53D3DF20ACFE9700C22427 = {
						CreatedOnToolsVersion = 9.3;
						LastSwiftMigration = 1000;
					};
				};
			};
			buildConfigurationList = 7F53D3DB20ACFE9700C22427 /* Build configuration list for PBXProject "PitchSliderPlayer" */;
			compatibilityVersion = "Xcode 9.3";
			developmentRegion = en;
			hasScannedForEncodings = 0;
			knownRegions = (
				en,
				Base,
			);
			mainGroup = 7F53D3D720ACFE9700C22427;
			productRefGroup = 7F53D3E120ACFE9700C22427 /* Products */;
			projectDirPath = "";
			projectRoot = "";
			targets = (
				7F53D3DF20ACFE9700C22427 /* PitchFaderPlayer */,
			);
		};
/* End PBXProject section */

/* Begin PBXResourcesBuildPhase section */
		7F53D3DE20ACFE9700C22427 /* Resources */ = {
			isa = PBXResourcesBuildPhase;
			buildActionMask = 2147483647;
			files = (
				7FB255B1226649FC00373F34 /* MainWindow.xib in Resources */,
				7F53D3E620ACFE9800C22427 /* Assets.xcassets in Resources */,
				7FED34B326389576008AD1D5 /* BattleBreak.wav in Resources */,
			);
			runOnlyForDeploymentPostprocessing = 0;
		};
/* End PBXResourcesBuildPhase section */

/* Begin PBXSourcesBuildPhase section */
		7F53D3DC20ACFE9700C22427 /* Sources */ = {
			isa = PBXSourcesBuildPhase;
			buildActionMask = 2147483647;
			files = (
				7F53D3F420AD00CA00C22427 /* MainWindow.swift in Sources */,
				7F53D3E420ACFE9700C22427 /* AppDelegate.swift in Sources */,
				7FB255AF2266476B00373F34 /* main.swift in Sources */,
				7FB255B62266537100373F34 /* AudioPlayer.swift in Sources */,
			);
			runOnlyForDeploymentPostprocessing = 0;
		};
/* End PBXSourcesBuildPhase section */

/* Begin XCBuildConfiguration section */
		7F53D3EC20ACFE9800C22427 /* Debug */ = {
			isa = XCBuildConfiguration;
			buildSettings = {
				ALWAYS_SEARCH_USER_PATHS = NO;
				CLANG_ANALYZER_NONNULL = YES;
				CLANG_ANALYZER_NUMBER_OBJECT_CONVERSION = YES_AGGRESSIVE;
				CLANG_CXX_LANGUAGE_STANDARD = "gnu++14";
				CLANG_CXX_LIBRARY = "libc++";
				CLANG_ENABLE_MODULES = YES;
				CLANG_ENABLE_OBJC_ARC = YES;
				CLANG_ENABLE_OBJC_WEAK = YES;
				CLANG_WARN_BLOCK_CAPTURE_AUTORELEASING = YES;
				CLANG_WARN_BOOL_CONVERSION = YES;
				CLANG_WARN_COMMA = YES;
				CLANG_WARN_CONSTANT_CONVERSION = YES;
				CLANG_WARN_DEPRECATED_OBJC_IMPLEMENTATIONS = YES;
				CLANG_WARN_DIRECT_OBJC_ISA_USAGE = YES_ERROR;
				CLANG_WARN_DOCUMENTATION_COMMENTS = YES;
				CLANG_WARN_EMPTY_BODY = YES;
				CLANG_WARN_ENUM_CONVERSION = YES;
				CLANG_WARN_INFINITE_RECURSION = YES;
				CLANG_WARN_INT_CONVERSION = YES;
				CLANG_WARN_NON_LITERAL_NULL_CONVERSION = YES;
				CLANG_WARN_OBJC_IMPLICIT_RETAIN_SELF = YES;
				CLANG_WARN_OBJC_LITERAL_CONVERSION = YES;
				CLANG_WARN_OBJC_ROOT_CLASS = YES_ERROR;
				CLANG_WARN_RANGE_LOOP_ANALYSIS = YES;
				CLANG_WARN_STRICT_PROTOTYPES = YES;
				CLANG_WARN_SUSPICIOUS_MOVE = YES;
				CLANG_WARN_UNGUARDED_AVAILABILITY = YES_AGGRESSIVE;
				CLANG_WARN_UNREACHABLE_CODE = YES;
				CLANG_WARN__DUPLICATE_METHOD_MATCH = YES;
				CODE_SIGN_ENTITLEMENTS = PitchFaderPlayer/PitchFaderPlayer.entitlements;
				CODE_SIGN_IDENTITY = "Mac Developer";
				COPY_PHASE_STRIP = NO;
				DEBUG_INFORMATION_FORMAT = dwarf;
				ENABLE_STRICT_OBJC_MSGSEND = YES;
				ENABLE_TESTABILITY = YES;
				GCC_C_LANGUAGE_STANDARD = gnu11;
				GCC_DYNAMIC_NO_PIC = NO;
				GCC_NO_COMMON_BLOCKS = YES;
				GCC_OPTIMIZATION_LEVEL = 0;
				GCC_PREPROCESSOR_DEFINITIONS = (
					"DEBUG=1",
					"$(inherited)",
				);
				GCC_WARN_64_TO_32_BIT_CONVERSION = YES;
				GCC_WARN_ABOUT_RETURN_TYPE = YES_ERROR;
				GCC_WARN_UNDECLARED_SELECTOR = YES;
				GCC_WARN_UNINITIALIZED_AUTOS = YES_AGGRESSIVE;
				GCC_WARN_UNUSED_FUNCTION = YES;
				GCC_WARN_UNUSED_VARIABLE = YES;
				MACOSX_DEPLOYMENT_TARGET = 10.13;
				MTL_ENABLE_DEBUG_INFO = YES;
				ONLY_ACTIVE_ARCH = YES;
				SDKROOT = macosx;
				SWIFT_ACTIVE_COMPILATION_CONDITIONS = DEBUG;
				SWIFT_OPTIMIZATION_LEVEL = "-Onone";
			};
			name = Debug;
		};
		7F53D3ED20ACFE9800C22427 /* Release */ = {
			isa = XCBuildConfiguration;
			buildSettings = {
				ALWAYS_SEARCH_USER_PATHS = NO;
				CLANG_ANALYZER_NONNULL = YES;
				CLANG_ANALYZER_NUMBER_OBJECT_CONVERSION = YES_AGGRESSIVE;
				CLANG_CXX_LANGUAGE_STANDARD = "gnu++14";
				CLANG_CXX_LIBRARY = "libc++";
				CLANG_ENABLE_MODULES = YES;
				CLANG_ENABLE_OBJC_ARC = YES;
				CLANG_ENABLE_OBJC_WEAK = YES;
				CLANG_WARN_BLOCK_CAPTURE_AUTORELEASING = YES;
				CLANG_WARN_BOOL_CONVERSION = YES;
				CLANG_WARN_COMMA = YES;
				CLANG_WARN_CONSTANT_CONVERSION = YES;
				CLANG_WARN_DEPRECATED_OBJC_IMPLEMENTATIONS = YES;
				CLANG_WARN_DIRECT_OBJC_ISA_USAGE = YES_ERROR;
				CLANG_WARN_DOCUMENTATION_COMMENTS = YES;
				CLANG_WARN_EMPTY_BODY = YES;
				CLANG_WARN_ENUM_CONVERSION = YES;
				CLANG_WARN_INFINITE_RECURSION = YES;
				CLANG_WARN_INT_CONVERSION = YES;
				CLANG_WARN_NON_LITERAL_NULL_CONVERSION = YES;
				CLANG_WARN_OBJC_IMPLICIT_RETAIN_SELF = YES;
				CLANG_WARN_OBJC_LITERAL_CONVERSION = YES;
				CLANG_WARN_OBJC_ROOT_CLASS = YES_ERROR;
				CLANG_WARN_RANGE_LOOP_ANALYSIS = YES;
				CLANG_WARN_STRICT_PROTOTYPES = YES;
				CLANG_WARN_SUSPICIOUS_MOVE = YES;
				CLANG_WARN_UNGUARDED_AVAILABILITY = YES_AGGRESSIVE;
				CLANG_WARN_UNREACHABLE_CODE = YES;
				CLANG_WARN__DUPLICATE_METHOD_MATCH = YES;
				CODE_SIGN_ENTITLEMENTS = PitchFaderPlayer/PitchFaderPlayer.entitlements;
				CODE_SIGN_IDENTITY = "Mac Developer";
				COPY_PHASE_STRIP = NO;
				DEBUG_INFORMATION_FORMAT = "dwarf-with-dsym";
				ENABLE_NS_ASSERTIONS = NO;
				ENABLE_STRICT_OBJC_MSGSEND = YES;
				GCC_C_LANGUAGE_STANDARD = gnu11;
				GCC_NO_COMMON_BLOCKS = YES;
				GCC_WARN_64_TO_32_BIT_CONVERSION = YES;
				GCC_WARN_ABOUT_RETURN_TYPE = YES_ERROR;
				GCC_WARN_UNDECLARED_SELECTOR = YES;
				GCC_WARN_UNINITIALIZED_AUTOS = YES_AGGRESSIVE;
				GCC_WARN_UNUSED_FUNCTION = YES;
				GCC_WARN_UNUSED_VARIABLE = YES;
				MACOSX_DEPLOYMENT_TARGET = 10.13;
				MTL_ENABLE_DEBUG_INFO = NO;
				SDKROOT = macosx;
				SWIFT_COMPILATION_MODE = wholemodule;
				SWIFT_OPTIMIZATION_LEVEL = "-O";
			};
			name = Release;
		};
		7F53D3EF20ACFE9800C22427 /* Debug */ = {
			isa = XCBuildConfiguration;
			buildSettings = {
				ASSETCATALOG_COMPILER_APPICON_NAME = AppIcon;
				CODE_SIGN_ENTITLEMENTS = PitchFaderPlayer/PitchFaderPlayer.entitlements;
				CODE_SIGN_IDENTITY = "Apple Development";
				CODE_SIGN_STYLE = Automatic;
				COMBINE_HIDPI_IMAGES = YES;
				DEVELOPMENT_TEAM = 29R6E5KB68;
				INFOPLIST_FILE = "$(SRCROOT)/PitchFaderPlayer/Info.plist";
				LD_RUNPATH_SEARCH_PATHS = (
					"$(inherited)",
					"@executable_path/../Frameworks",
				);
				PRODUCT_BUNDLE_IDENTIFIER = com.keeper.PitchFaderPlayer;
				PRODUCT_NAME = "$(TARGET_NAME)";
				SWIFT_VERSION = 4.2;
			};
			name = Debug;
		};
		7F53D3F020ACFE9800C22427 /* Release */ = {
			isa = XCBuildConfiguration;
			buildSettings = {
				ASSETCATALOG_COMPILER_APPICON_NAME = AppIcon;
				CODE_SIGN_ENTITLEMENTS = PitchFaderPlayer/PitchFaderPlayer.entitlements;
				CODE_SIGN_IDENTITY = "Apple Development";
				CODE_SIGN_STYLE = Automatic;
				COMBINE_HIDPI_IMAGES = YES;
				DEVELOPMENT_TEAM = 29R6E5KB68;
				INFOPLIST_FILE = "$(SRCROOT)/PitchFaderPlayer/Info.plist";
				LD_RUNPATH_SEARCH_PATHS = (
					"$(inherited)",
					"@executable_path/../Frameworks",
				);
				PRODUCT_BUNDLE_IDENTIFIER = com.keeper.PitchFaderPlayer;
				PRODUCT_NAME = "$(TARGET_NAME)";
				SWIFT_VERSION = 4.2;
			};
			name = Release;
		};
/* End XCBuildConfiguration section */

/* Begin XCConfigurationList section */
		7F53D3DB20ACFE9700C22427 /* Build configuration list for PBXProject "PitchSliderPlayer" */ = {
			isa = XCConfigurationList;
			buildConfigurations = (
				7F53D3EC20ACFE9800C22427 /* Debug */,
				7F53D3ED20ACFE9800C22427 /* Release */,
			);
			defaultConfigurationIsVisible = 0;
			defaultConfigurationName = Release;
		};
		7F53D3EE20ACFE9800C22427 /* Build configuration list for PBXNativeTarget "PitchFaderPlayer" */ = {
			isa = XCConfigurationList;
			buildConfigurations = (
				7F53D3EF20ACFE9800C22427 /* Debug */,
				7F53D3F020ACFE9800C22427 /* Release */,
			);
			defaultConfigurationIsVisible = 0;
			defaultConfigurationName = Release;
		};
/* End XCConfigurationList section */
	};
	rootObject = 7F53D3D820ACFE9700C22427 /* Project object */;
}
